
Microsoft Visual Studio Solution File, Format Version 12.00
# Visual Studio Version 16
VisualStudioVersion = 16.0.34407.143
MinimumVisualStudioVersion = 10.0.40219.1
Project("{FAE04EC0-301F-11D3-BF4B-00C04F79EFBC}") = "WebApplicationExportExcel", "WebApplicationExportExcel\WebApplicationExportExcel.csproj", "{5C0830DA-AA6B-4CC5-A702-DB72947228FE}"
EndProject
Global
	GlobalSection(SolutionConfigurationPlatforms) = preSolution
		Debug|Any CPU = Debug|Any CPU
		Release|Any CPU = Release|Any CPU
	EndGlobalSection
	GlobalSection(ProjectConfigurationPlatforms) = postSolution
		{5C0830DA-AA6B-4CC5-A702-DB72947228FE}.Debug|Any CPU.ActiveCfg = Debug|Any CPU
		{5C0830DA-AA6B-4CC5-A702-DB72947228FE}.Debug|Any CPU.Build.0 = Debug|Any CPU
		{5C0830DA-AA6B-4CC5-A702-DB72947228FE}.Release|Any CPU.ActiveCfg = Release|Any CPU
		{5C0830DA-AA6B-4CC5-A702-DB72947228FE}.Release|Any CPU.Build.0 = Release|Any CPU
	EndGlobalSection
	GlobalSection(SolutionProperties) = preSolution
		HideSolutionNode = FALSE
	EndGlobalSection
	GlobalSection(ExtensibilityGlobals) = postSolution
		SolutionGuid = {3210A98C-84B6-49CB-82E3-83C409C5B7FD}
	EndGlobalSection
EndGlobal
